
Microsoft Visual Studio Solution File, Format Version 12.00
# Visual Studio Version 17
VisualStudioVersion = 17.10.35122.118
MinimumVisualStudioVersion = 10.0.40219.1
Project("{FAE04EC0-301F-11D3-BF4B-00C04F79EFBC}") = "BlazorDemoCrudServer", "BlazorDemoCrudServer\BlazorDemoCrudServer.csproj", "{15A7594B-D508-433D-849B-BC8B8D0DB2EB}"
EndProject
Project("{FAE04EC0-301F-11D3-BF4B-00C04F79EFBC}") = "BlazorDemoCrudWasm", "BlazorDemoCrudWasm\BlazorDemoCrudWasm.csproj", "{92DA90F7-F891-4507-B8CB-EE0942BBC300}"
EndProject
Global
	GlobalSection(SolutionConfigurationPlatforms) = preSolution
		Debug|Any CPU = Debug|Any CPU
		Release|Any CPU = Release|Any CPU
	EndGlobalSection
	GlobalSection(ProjectConfigurationPlatforms) = postSolution
		{15A7594B-D508-433D-849B-BC8B8D0DB2EB}.Debug|Any CPU.ActiveCfg = Debug|Any CPU
		{15A7594B-D508-433D-849B-BC8B8D0DB2EB}.Debug|Any CPU.Build.0 = Debug|Any CPU
		{15A7594B-D508-433D-849B-BC8B8D0DB2EB}.Release|Any CPU.ActiveCfg = Release|Any CPU
		{15A7594B-D508-433D-849B-BC8B8D0DB2EB}.Release|Any CPU.Build.0 = Release|Any CPU
		{92DA90F7-F891-4507-B8CB-EE0942BBC300}.Debug|Any CPU.ActiveCfg = Debug|Any CPU
		{92DA90F7-F891-4507-B8CB-EE0942BBC300}.Debug|Any CPU.Build.0 = Debug|Any CPU
		{92DA90F7-F891-4507-B8CB-EE0942BBC300}.Release|Any CPU.ActiveCfg = Release|Any CPU
		{92DA90F7-F891-4507-B8CB-EE0942BBC300}.Release|Any CPU.Build.0 = Release|Any CPU
	EndGlobalSection
	GlobalSection(SolutionProperties) = preSolution
		HideSolutionNode = FALSE
	EndGlobalSection
	GlobalSection(ExtensibilityGlobals) = postSolution
		SolutionGuid = {A1EEAD1C-31A3-4C20-99E8-36AE14CE4089}
	EndGlobalSection
EndGlobal
