
Microsoft Visual Studio Solution File, Format Version 12.00
# Visual Studio Version 17
VisualStudioVersion = 17.10.35027.167
MinimumVisualStudioVersion = 10.0.40219.1
Project("{FAE04EC0-301F-11D3-BF4B-00C04F79EFBC}") = "DemoProject", "DemoProject\DemoProject.csproj", "{76B46996-0AEF-4F13-AB12-E33CF596FCBE}"
EndProject
Project("{9A19103F-16F7-4668-BE54-9A1E7A4F7556}") = "DemoProjectBlazor", "DemoProjectBlazor\DemoProjectBlazor\DemoProjectBlazor.csproj", "{B60445D5-379D-4CDF-B4FC-CFC9DD645E00}"
EndProject
Project("{9A19103F-16F7-4668-BE54-9A1E7A4F7556}") = "DemoProjectBlazor.Client", "DemoProjectBlazor\DemoProjectBlazor.Client\DemoProjectBlazor.Client.csproj", "{0189F1B2-91ED-4A09-A5DC-A55465057131}"
EndProject
Project("{FAE04EC0-301F-11D3-BF4B-00C04F79EFBC}") = "DemoProjectBlazor.Share", "DemoProjectBlazor.Share\DemoProjectBlazor.Share.csproj", "{73F2939A-43C5-4671-966B-46FD0F86D7F1}"
EndProject
Global
	GlobalSection(SolutionConfigurationPlatforms) = preSolution
		Debug|Any CPU = Debug|Any CPU
		Release|Any CPU = Release|Any CPU
	EndGlobalSection
	GlobalSection(ProjectConfigurationPlatforms) = postSolution
		{76B46996-0AEF-4F13-AB12-E33CF596FCBE}.Debug|Any CPU.ActiveCfg = Debug|Any CPU
		{76B46996-0AEF-4F13-AB12-E33CF596FCBE}.Debug|Any CPU.Build.0 = Debug|Any CPU
		{76B46996-0AEF-4F13-AB12-E33CF596FCBE}.Release|Any CPU.ActiveCfg = Release|Any CPU
		{76B46996-0AEF-4F13-AB12-E33CF596FCBE}.Release|Any CPU.Build.0 = Release|Any CPU
		{B60445D5-379D-4CDF-B4FC-CFC9DD645E00}.Debug|Any CPU.ActiveCfg = Debug|Any CPU
		{B60445D5-379D-4CDF-B4FC-CFC9DD645E00}.Debug|Any CPU.Build.0 = Debug|Any CPU
		{B60445D5-379D-4CDF-B4FC-CFC9DD645E00}.Release|Any CPU.ActiveCfg = Release|Any CPU
		{B60445D5-379D-4CDF-B4FC-CFC9DD645E00}.Release|Any CPU.Build.0 = Release|Any CPU
		{0189F1B2-91ED-4A09-A5DC-A55465057131}.Debug|Any CPU.ActiveCfg = Debug|Any CPU
		{0189F1B2-91ED-4A09-A5DC-A55465057131}.Debug|Any CPU.Build.0 = Debug|Any CPU
		{0189F1B2-91ED-4A09-A5DC-A55465057131}.Release|Any CPU.ActiveCfg = Release|Any CPU
		{0189F1B2-91ED-4A09-A5DC-A55465057131}.Release|Any CPU.Build.0 = Release|Any CPU
		{73F2939A-43C5-4671-966B-46FD0F86D7F1}.Debug|Any CPU.ActiveCfg = Debug|Any CPU
		{73F2939A-43C5-4671-966B-46FD0F86D7F1}.Debug|Any CPU.Build.0 = Debug|Any CPU
		{73F2939A-43C5-4671-966B-46FD0F86D7F1}.Release|Any CPU.ActiveCfg = Release|Any CPU
		{73F2939A-43C5-4671-966B-46FD0F86D7F1}.Release|Any CPU.Build.0 = Release|Any CPU
	EndGlobalSection
	GlobalSection(SolutionProperties) = preSolution
		HideSolutionNode = FALSE
	EndGlobalSection
	GlobalSection(ExtensibilityGlobals) = postSolution
		SolutionGuid = {B469B4E8-4678-4D3E-AC86-30A5D6E7518F}
	EndGlobalSection
EndGlobal
